
Microsoft Visual Studio Solution File, Format Version 12.00
Project("{2150E333-8FDC-42A3-9474-1A3956D46DE8}") = "src", "src", "{010B06E8-0366-4ECC-81FD-55A33A2B338F}"
EndProject
Project("{2150E333-8FDC-42A3-9474-1A3956D46DE8}") = ".git", ".git", "{F74B9167-3226-424C-A87E-D5C4583BB413}"
ProjectSection(SolutionItems) = preProject
	.\.gitignore = .\.gitignore
EndProjectSection
EndProject
Project("{2150E333-8FDC-42A3-9474-1A3956D46DE8}") = "tests", "tests", "{876BD362-B417-439E-BAE8-B808CCA1D1CB}"
EndProject
Project("{FAE04EC0-301F-11D3-BF4B-00C04F79EFBC}") = "Xunit.Gherkin", "tests\Xunit.Gherkin\Xunit.Gherkin.csproj", "{FF6CCB50-299B-4308-97D3-1F15BBE4232F}"
EndProject
Project("{FAE04EC0-301F-11D3-BF4B-00C04F79EFBC}") = "LaborAndStatistics.Features", "tests\LaborAndStatistics.Features\LaborAndStatistics.Features.csproj", "{BBD4259C-365A-409C-B90E-17329B57818F}"
EndProject
Project("{FAE04EC0-301F-11D3-BF4B-00C04F79EFBC}") = "LaborAndStatistics.Application", "src\LaborAndStatistics.Application\LaborAndStatistics.Application.csproj", "{50ADBB39-C24A-4031-BAF8-E6B1E4D65EB1}"
EndProject
Global
	GlobalSection(SolutionConfigurationPlatforms) = preSolution
		Debug|Any CPU = Debug|Any CPU
		Release|Any CPU = Release|Any CPU
	EndGlobalSection
	GlobalSection(NestedProjects) = preSolution
		{FF6CCB50-299B-4308-97D3-1F15BBE4232F} = {876BD362-B417-439E-BAE8-B808CCA1D1CB}
		{BBD4259C-365A-409C-B90E-17329B57818F} = {876BD362-B417-439E-BAE8-B808CCA1D1CB}
		{50ADBB39-C24A-4031-BAF8-E6B1E4D65EB1} = {010B06E8-0366-4ECC-81FD-55A33A2B338F}
	EndGlobalSection
	GlobalSection(ProjectConfigurationPlatforms) = postSolution
		{FF6CCB50-299B-4308-97D3-1F15BBE4232F}.Debug|Any CPU.ActiveCfg = Debug|Any CPU
		{FF6CCB50-299B-4308-97D3-1F15BBE4232F}.Debug|Any CPU.Build.0 = Debug|Any CPU
		{FF6CCB50-299B-4308-97D3-1F15BBE4232F}.Release|Any CPU.ActiveCfg = Release|Any CPU
		{FF6CCB50-299B-4308-97D3-1F15BBE4232F}.Release|Any CPU.Build.0 = Release|Any CPU
		{BBD4259C-365A-409C-B90E-17329B57818F}.Debug|Any CPU.ActiveCfg = Debug|Any CPU
		{BBD4259C-365A-409C-B90E-17329B57818F}.Debug|Any CPU.Build.0 = Debug|Any CPU
		{BBD4259C-365A-409C-B90E-17329B57818F}.Release|Any CPU.ActiveCfg = Release|Any CPU
		{BBD4259C-365A-409C-B90E-17329B57818F}.Release|Any CPU.Build.0 = Release|Any CPU
		{50ADBB39-C24A-4031-BAF8-E6B1E4D65EB1}.Debug|Any CPU.ActiveCfg = Debug|Any CPU
		{50ADBB39-C24A-4031-BAF8-E6B1E4D65EB1}.Debug|Any CPU.Build.0 = Debug|Any CPU
		{50ADBB39-C24A-4031-BAF8-E6B1E4D65EB1}.Release|Any CPU.ActiveCfg = Release|Any CPU
		{50ADBB39-C24A-4031-BAF8-E6B1E4D65EB1}.Release|Any CPU.Build.0 = Release|Any CPU
	EndGlobalSection
EndGlobal
